// !$*UTF8*$!
{
	archiveVersion = 1;
	classes = {
	};
	objectVersion = 77;
	objects = {

/* Begin PBXBuildFile section */
		1FCDF5F82D73CD8700A57C03 /* LaunchAtLogin in Frameworks */ = {isa = PBXBuildFile; productRef = 1FCDF5F72D73CD8700A57C03 /* LaunchAtLogin */; };
/* End PBXBuildFile section */

/* Begin PBXContainerItemProxy section */
		1FCDF5A02D73CC6E00A57C03 /* PBXContainerItemProxy */ = {
			isa = PBXContainerItemProxy;
			containerPortal = 1FCDF5862D73CC6C00A57C03 /* Project object */;
			proxyType = 1;
			remoteGlobalIDString = 1FCDF58D2D73CC6C00A57C03;
			remoteInfo = SnapShareUp;
		};
		1FCDF5AA2D73CC6E00A57C03 /* PBXContainerItemProxy */ = {
			isa = PBXContainerItemProxy;
			containerPortal = 1FCDF5862D73CC6C00A57C03 /* Project object */;
			proxyType = 1;
			remoteGlobalIDString = 1FCDF58D2D73CC6C00A57C03;
			remoteInfo = SnapShareUp;
		};
/* End PBXContainerItemProxy section */

/* Begin PBXFileReference section */
		1FCDF58E2D73CC6C00A57C03 /* SnapShareUp.app */ = {isa = PBXFileReference; explicitFileType = wrapper.application; includeInIndex = 0; path = SnapShareUp.app; sourceTree = BUILT_PRODUCTS_DIR; };
		1FCDF59F2D73CC6E00A57C03 /* SnapShareUpTests.xctest */ = {isa = PBXFileReference; explicitFileType = wrapper.cfbundle; includeInIndex = 0; path = SnapShareUpTests.xctest; sourceTree = BUILT_PRODUCTS_DIR; };
		1FCDF5A92D73CC6E00A57C03 /* SnapShareUpUITests.xctest */ = {isa = PBXFileReference; explicitFileType = wrapper.cfbundle; includeInIndex = 0; path = SnapShareUpUITests.xctest; sourceTree = BUILT_PRODUCTS_DIR; };
/* End PBXFileReference section */

/* Begin PBXFileSystemSynchronizedRootGroup section */
		1FCDF5902D73CC6C00A57C03 /* SnapShareUp */ = {
			isa = PBXFileSystemSynchronizedRootGroup;
			path = SnapShareUp;
			sourceTree = "<group>";
		};
		1FCDF5A22D73CC6E00A57C03 /* SnapShareUpTests */ = {
			isa = PBXFileSystemSynchronizedRootGroup;
			path = SnapShareUpTests;
			sourceTree = "<group>";
		};
		1FCDF5AC2D73CC6E00A57C03 /* SnapShareUpUITests */ = {
			isa = PBXFileSystemSynchronizedRootGroup;
			path = SnapShareUpUITests;
			sourceTree = "<group>";
		};
/* End PBXFileSystemSynchronizedRootGroup section */

/* Begin PBXFrameworksBuildPhase section */
		1FCDF58B2D73CC6C00A57C03 /* Frameworks */ = {
			isa = PBXFrameworksBuildPhase;
			buildActionMask = 2147483647;
			files = (
				1FCDF5F82D73CD8700A57C03 /* LaunchAtLogin in Frameworks */,
			);
			runOnlyForDeploymentPostprocessing = 0;
		};
		1FCDF59C2D73CC6E00A57C03 /* Frameworks */ = {
			isa = PBXFrameworksBuildPhase;
			buildActionMask = 2147483647;
			files = (
			);
			runOnlyForDeploymentPostprocessing = 0;
		};
		1FCDF5A62D73CC6E00A57C03 /* Frameworks */ = {
			isa = PBXFrameworksBuildPhase;
			buildActionMask = 2147483647;
			files = (
			);
			runOnlyForDeploymentPostprocessing = 0;
		};
/* End PBXFrameworksBuildPhase section */

/* Begin PBXGroup section */
		1FCDF5852D73CC6C00A57C03 = {
			isa = PBXGroup;
			children = (
				1FCDF5902D73CC6C00A57C03 /* SnapShareUp */,
				1FCDF5A22D73CC6E00A57C03 /* SnapShareUpTests */,
				1FCDF5AC2D73CC6E00A57C03 /* SnapShareUpUITests */,
				1FCDF58F2D73CC6C00A57C03 /* Products */,
			);
			sourceTree = "<group>";
		};
		1FCDF58F2D73CC6C00A57C03 /* Products */ = {
			isa = PBXGroup;
			children = (
				1FCDF58E2D73CC6C00A57C03 /* SnapShareUp.app */,
				1FCDF59F2D73CC6E00A57C03 /* SnapShareUpTests.xctest */,
				1FCDF5A92D73CC6E00A57C03 /* SnapShareUpUITests.xctest */,
			);
			name = Products;
			sourceTree = "<group>";
		};
/* End PBXGroup section */

/* Begin PBXNativeTarget section */
		1FCDF58D2D73CC6C00A57C03 /* SnapShareUp */ = {
			isa = PBXNativeTarget;
			buildConfigurationList = 1FCDF5B32D73CC6E00A57C03 /* Build configuration list for PBXNativeTarget "SnapShareUp" */;
			buildPhases = (
				1FCDF58A2D73CC6C00A57C03 /* Sources */,
				1FCDF58B2D73CC6C00A57C03 /* Frameworks */,
				1FCDF58C2D73CC6C00A57C03 /* Resources */,
			);
			buildRules = (
			);
			dependencies = (
			);
			fileSystemSynchronizedGroups = (
				1FCDF5902D73CC6C00A57C03 /* SnapShareUp */,
			);
			name = SnapShareUp;
			packageProductDependencies = (
				1FCDF5F72D73CD8700A57C03 /* LaunchAtLogin */,
			);
			productName = SnapShareUp;
			productReference = 1FCDF58E2D73CC6C00A57C03 /* SnapShareUp.app */;
			productType = "com.apple.product-type.application";
		};
		1FCDF59E2D73CC6E00A57C03 /* SnapShareUpTests */ = {
			isa = PBXNativeTarget;
			buildConfigurationList = 1FCDF5B62D73CC6E00A57C03 /* Build configuration list for PBXNativeTarget "SnapShareUpTests" */;
			buildPhases = (
				1FCDF59B2D73CC6E00A57C03 /* Sources */,
				1FCDF59C2D73CC6E00A57C03 /* Frameworks */,
				1FCDF59D2D73CC6E00A57C03 /* Resources */,
			);
			buildRules = (
			);
			dependencies = (
				1FCDF5A12D73CC6E00A57C03 /* PBXTargetDependency */,
			);
			fileSystemSynchronizedGroups = (
				1FCDF5A22D73CC6E00A57C03 /* SnapShareUpTests */,
			);
			name = SnapShareUpTests;
			packageProductDependencies = (
			);
			productName = SnapShareUpTests;
			productReference = 1FCDF59F2D73CC6E00A57C03 /* SnapShareUpTests.xctest */;
			productType = "com.apple.product-type.bundle.unit-test";
		};
		1FCDF5A82D73CC6E00A57C03 /* SnapShareUpUITests */ = {
			isa = PBXNativeTarget;
			buildConfigurationList = 1FCDF5B92D73CC6E00A57C03 /* Build configuration list for PBXNativeTarget "SnapShareUpUITests" */;
			buildPhases = (
				1FCDF5A52D73CC6E00A57C03 /* Sources */,
				1FCDF5A62D73CC6E00A57C03 /* Frameworks */,
				1FCDF5A72D73CC6E00A57C03 /* Resources */,
			);
			buildRules = (
			);
			dependencies = (
				1FCDF5AB2D73CC6E00A57C03 /* PBXTargetDependency */,
			);
			fileSystemSynchronizedGroups = (
				1FCDF5AC2D73CC6E00A57C03 /* SnapShareUpUITests */,
			);
			name = SnapShareUpUITests;
			packageProductDependencies = (
			);
			productName = SnapShareUpUITests;
			productReference = 1FCDF5A92D73CC6E00A57C03 /* SnapShareUpUITests.xctest */;
			productType = "com.apple.product-type.bundle.ui-testing";
		};
/* End PBXNativeTarget section */

/* Begin PBXProject section */
		1FCDF5862D73CC6C00A57C03 /* Project object */ = {
			isa = PBXProject;
			attributes = {
				BuildIndependentTargetsInParallel = 1;
				LastSwiftUpdateCheck = 1620;
				LastUpgradeCheck = 1620;
				TargetAttributes = {
					1FCDF58D2D73CC6C00A57C03 = {
						CreatedOnToolsVersion = 16.2;
					};
					1FCDF59E2D73CC6E00A57C03 = {
						CreatedOnToolsVersion = 16.2;
						TestTargetID = 1FCDF58D2D73CC6C00A57C03;
					};
					1FCDF5A82D73CC6E00A57C03 = {
						CreatedOnToolsVersion = 16.2;
						TestTargetID = 1FCDF58D2D73CC6C00A57C03;
					};
				};
			};
			buildConfigurationList = 1FCDF5892D73CC6C00A57C03 /* Build configuration list for PBXProject "SnapShareUp" */;
			developmentRegion = en;
			hasScannedForEncodings = 0;
			knownRegions = (
				en,
				Base,
			);
			mainGroup = 1FCDF5852D73CC6C00A57C03;
			minimizedProjectReferenceProxies = 1;
			packageReferences = (
				1FCDF5F62D73CD8700A57C03 /* XCRemoteSwiftPackageReference "LaunchAtLogin" */,
			);
			preferredProjectObjectVersion = 77;
			productRefGroup = 1FCDF58F2D73CC6C00A57C03 /* Products */;
			projectDirPath = "";
			projectRoot = "";
			targets = (
				1FCDF58D2D73CC6C00A57C03 /* SnapShareUp */,
				1FCDF59E2D73CC6E00A57C03 /* SnapShareUpTests */,
				1FCDF5A82D73CC6E00A57C03 /* SnapShareUpUITests */,
			);
		};
/* End PBXProject section */

/* Begin PBXResourcesBuildPhase section */
		1FCDF58C2D73CC6C00A57C03 /* Resources */ = {
			isa = PBXResourcesBuildPhase;
			buildActionMask = 2147483647;
			files = (
			);
			runOnlyForDeploymentPostprocessing = 0;
		};
		1FCDF59D2D73CC6E00A57C03 /* Resources */ = {
			isa = PBXResourcesBuildPhase;
			buildActionMask = 2147483647;
			files = (
			);
			runOnlyForDeploymentPostprocessing = 0;
		};
		1FCDF5A72D73CC6E00A57C03 /* Resources */ = {
			isa = PBXResourcesBuildPhase;
			buildActionMask = 2147483647;
			files = (
			);
			runOnlyForDeploymentPostprocessing = 0;
		};
/* End PBXResourcesBuildPhase section */

/* Begin PBXSourcesBuildPhase section */
		1FCDF58A2D73CC6C00A57C03 /* Sources */ = {
			isa = PBXSourcesBuildPhase;
			buildActionMask = 2147483647;
			files = (
			);
			runOnlyForDeploymentPostprocessing = 0;
		};
		1FCDF59B2D73CC6E00A57C03 /* Sources */ = {
			isa = PBXSourcesBuildPhase;
			buildActionMask = 2147483647;
			files = (
			);
			runOnlyForDeploymentPostprocessing = 0;
		};
		1FCDF5A52D73CC6E00A57C03 /* Sources */ = {
			isa = PBXSourcesBuildPhase;
			buildActionMask = 2147483647;
			files = (
			);
			runOnlyForDeploymentPostprocessing = 0;
		};
/* End PBXSourcesBuildPhase section */

/* Begin PBXTargetDependency section */
		1FCDF5A12D73CC6E00A57C03 /* PBXTargetDependency */ = {
			isa = PBXTargetDependency;
			target = 1FCDF58D2D73CC6C00A57C03 /* SnapShareUp */;
			targetProxy = 1FCDF5A02D73CC6E00A57C03 /* PBXContainerItemProxy */;
		};
		1FCDF5AB2D73CC6E00A57C03 /* PBXTargetDependency */ = {
			isa = PBXTargetDependency;
			target = 1FCDF58D2D73CC6C00A57C03 /* SnapShareUp */;
			targetProxy = 1FCDF5AA2D73CC6E00A57C03 /* PBXContainerItemProxy */;
		};
/* End PBXTargetDependency section */

/* Begin XCBuildConfiguration section */
		1FCDF5B12D73CC6E00A57C03 /* Debug */ = {
			isa = XCBuildConfiguration;
			buildSettings = {
				ALWAYS_SEARCH_USER_PATHS = NO;
				ASSETCATALOG_COMPILER_GENERATE_SWIFT_ASSET_SYMBOL_EXTENSIONS = YES;
				CLANG_ANALYZER_NONNULL = YES;
				CLANG_ANALYZER_NUMBER_OBJECT_CONVERSION = YES_AGGRESSIVE;
				CLANG_CXX_LANGUAGE_STANDARD = "gnu++20";
				CLANG_ENABLE_MODULES = YES;
				CLANG_ENABLE_OBJC_ARC = YES;
				CLANG_ENABLE_OBJC_WEAK = YES;
				CLANG_WARN_BLOCK_CAPTURE_AUTORELEASING = YES;
				CLANG_WARN_BOOL_CONVERSION = YES;
				CLANG_WARN_COMMA = YES;
				CLANG_WARN_CONSTANT_CONVERSION = YES;
				CLANG_WARN_DEPRECATED_OBJC_IMPLEMENTATIONS = YES;
				CLANG_WARN_DIRECT_OBJC_ISA_USAGE = YES_ERROR;
				CLANG_WARN_DOCUMENTATION_COMMENTS = YES;
				CLANG_WARN_EMPTY_BODY = YES;
				CLANG_WARN_ENUM_CONVERSION = YES;
				CLANG_WARN_INFINITE_RECURSION = YES;
				CLANG_WARN_INT_CONVERSION = YES;
				CLANG_WARN_NON_LITERAL_NULL_CONVERSION = YES;
				CLANG_WARN_OBJC_IMPLICIT_RETAIN_SELF = YES;
				CLANG_WARN_OBJC_LITERAL_CONVERSION = YES;
				CLANG_WARN_OBJC_ROOT_CLASS = YES_ERROR;
				CLANG_WARN_QUOTED_INCLUDE_IN_FRAMEWORK_HEADER = YES;
				CLANG_WARN_RANGE_LOOP_ANALYSIS = YES;
				CLANG_WARN_STRICT_PROTOTYPES = YES;
				CLANG_WARN_SUSPICIOUS_MOVE = YES;
				CLANG_WARN_UNGUARDED_AVAILABILITY = YES_AGGRESSIVE;
				CLANG_WARN_UNREACHABLE_CODE = YES;
				CLANG_WARN__DUPLICATE_METHOD_MATCH = YES;
				COPY_PHASE_STRIP = NO;
				DEBUG_INFORMATION_FORMAT = dwarf;
				ENABLE_STRICT_OBJC_MSGSEND = YES;
				ENABLE_TESTABILITY = YES;
				ENABLE_USER_SCRIPT_SANDBOXING = YES;
				GCC_C_LANGUAGE_STANDARD = gnu17;
				GCC_DYNAMIC_NO_PIC = NO;
				GCC_NO_COMMON_BLOCKS = YES;
				GCC_OPTIMIZATION_LEVEL = 0;
				GCC_PREPROCESSOR_DEFINITIONS = (
					"DEBUG=1",
					"$(inherited)",
				);
				GCC_WARN_64_TO_32_BIT_CONVERSION = YES;
				GCC_WARN_ABOUT_RETURN_TYPE = YES_ERROR;
				GCC_WARN_UNDECLARED_SELECTOR = YES;
				GCC_WARN_UNINITIALIZED_AUTOS = YES_AGGRESSIVE;
				GCC_WARN_UNUSED_FUNCTION = YES;
				GCC_WARN_UNUSED_VARIABLE = YES;
				LOCALIZATION_PREFERS_STRING_CATALOGS = YES;
				MACOSX_DEPLOYMENT_TARGET = 15.2;
				MTL_ENABLE_DEBUG_INFO = INCLUDE_SOURCE;
				MTL_FAST_MATH = YES;
				ONLY_ACTIVE_ARCH = YES;
				SDKROOT = macosx;
				SWIFT_ACTIVE_COMPILATION_CONDITIONS = "DEBUG $(inherited)";
				SWIFT_OPTIMIZATION_LEVEL = "-Onone";
			};
			name = Debug;
		};
		1FCDF5B22D73CC6E00A57C03 /* Release */ = {
			isa = XCBuildConfiguration;
			buildSettings = {
				ALWAYS_SEARCH_USER_PATHS = NO;
				ASSETCATALOG_COMPILER_GENERATE_SWIFT_ASSET_SYMBOL_EXTENSIONS = YES;
				CLANG_ANALYZER_NONNULL = YES;
				CLANG_ANALYZER_NUMBER_OBJECT_CONVERSION = YES_AGGRESSIVE;
				CLANG_CXX_LANGUAGE_STANDARD = "gnu++20";
				CLANG_ENABLE_MODULES = YES;
				CLANG_ENABLE_OBJC_ARC = YES;
				CLANG_ENABLE_OBJC_WEAK = YES;
				CLANG_WARN_BLOCK_CAPTURE_AUTORELEASING = YES;
				CLANG_WARN_BOOL_CONVERSION = YES;
				CLANG_WARN_COMMA = YES;
				CLANG_WARN_CONSTANT_CONVERSION = YES;
				CLANG_WARN_DEPRECATED_OBJC_IMPLEMENTATIONS = YES;
				CLANG_WARN_DIRECT_OBJC_ISA_USAGE = YES_ERROR;
				CLANG_WARN_DOCUMENTATION_COMMENTS = YES;
				CLANG_WARN_EMPTY_BODY = YES;
				CLANG_WARN_ENUM_CONVERSION = YES;
				CLANG_WARN_INFINITE_RECURSION = YES;
				CLANG_WARN_INT_CONVERSION = YES;
				CLANG_WARN_NON_LITERAL_NULL_CONVERSION = YES;
				CLANG_WARN_OBJC_IMPLICIT_RETAIN_SELF = YES;
				CLANG_WARN_OBJC_LITERAL_CONVERSION = YES;
				CLANG_WARN_OBJC_ROOT_CLASS = YES_ERROR;
				CLANG_WARN_QUOTED_INCLUDE_IN_FRAMEWORK_HEADER = YES;
				CLANG_WARN_RANGE_LOOP_ANALYSIS = YES;
				CLANG_WARN_STRICT_PROTOTYPES = YES;
				CLANG_WARN_SUSPICIOUS_MOVE = YES;
				CLANG_WARN_UNGUARDED_AVAILABILITY = YES_AGGRESSIVE;
				CLANG_WARN_UNREACHABLE_CODE = YES;
				CLANG_WARN__DUPLICATE_METHOD_MATCH = YES;
				COPY_PHASE_STRIP = NO;
				DEBUG_INFORMATION_FORMAT = "dwarf-with-dsym";
				ENABLE_NS_ASSERTIONS = NO;
				ENABLE_STRICT_OBJC_MSGSEND = YES;
				ENABLE_USER_SCRIPT_SANDBOXING = YES;
				GCC_C_LANGUAGE_STANDARD = gnu17;
				GCC_NO_COMMON_BLOCKS = YES;
				GCC_WARN_64_TO_32_BIT_CONVERSION = YES;
				GCC_WARN_ABOUT_RETURN_TYPE = YES_ERROR;
				GCC_WARN_UNDECLARED_SELECTOR = YES;
				GCC_WARN_UNINITIALIZED_AUTOS = YES_AGGRESSIVE;
				GCC_WARN_UNUSED_FUNCTION = YES;
				GCC_WARN_UNUSED_VARIABLE = YES;
				LOCALIZATION_PREFERS_STRING_CATALOGS = YES;
				MACOSX_DEPLOYMENT_TARGET = 15.2;
				MTL_ENABLE_DEBUG_INFO = NO;
				MTL_FAST_MATH = YES;
				SDKROOT = macosx;
				SWIFT_COMPILATION_MODE = wholemodule;
			};
			name = Release;
		};
		1FCDF5B42D73CC6E00A57C03 /* Debug */ = {
			isa = XCBuildConfiguration;
			buildSettings = {
				ASSETCATALOG_COMPILER_APPICON_NAME = AppIcon;
				ASSETCATALOG_COMPILER_GLOBAL_ACCENT_COLOR_NAME = AccentColor;
				CODE_SIGN_ENTITLEMENTS = SnapShareUp/SnapShareUp.entitlements;
				CODE_SIGN_STYLE = Automatic;
				COMBINE_HIDPI_IMAGES = YES;
				CURRENT_PROJECT_VERSION = 1;
				DEVELOPMENT_ASSET_PATHS = "\"SnapShareUp/Preview Content\"";
				DEVELOPMENT_TEAM = J96HJ8CW39;
				ENABLE_HARDENED_RUNTIME = YES;
				ENABLE_PREVIEWS = YES;
				GENERATE_INFOPLIST_FILE = YES;
				INFOPLIST_KEY_NSHumanReadableCopyright = "";
				LD_RUNPATH_SEARCH_PATHS = (
					"$(inherited)",
					"@executable_path/../Frameworks",
				);
				MARKETING_VERSION = 1.0;
				PRODUCT_BUNDLE_IDENTIFIER = com.laurentiuriedl.SnapShareUp;
				PRODUCT_NAME = "$(TARGET_NAME)";
				SWIFT_EMIT_LOC_STRINGS = YES;
				SWIFT_VERSION = 5.0;
			};
			name = Debug;
		};
		1FCDF5B52D73CC6E00A57C03 /* Release */ = {
			isa = XCBuildConfiguration;
			buildSettings = {
				ASSETCATALOG_COMPILER_APPICON_NAME = AppIcon;
				ASSETCATALOG_COMPILER_GLOBAL_ACCENT_COLOR_NAME = AccentColor;
				CODE_SIGN_ENTITLEMENTS = SnapShareUp/SnapShareUp.entitlements;
				CODE_SIGN_STYLE = Automatic;
				COMBINE_HIDPI_IMAGES = YES;
				CURRENT_PROJECT_VERSION = 1;
				DEVELOPMENT_ASSET_PATHS = "\"SnapShareUp/Preview Content\"";
				DEVELOPMENT_TEAM = J96HJ8CW39;
				ENABLE_HARDENED_RUNTIME = YES;
				ENABLE_PREVIEWS = YES;
				GENERATE_INFOPLIST_FILE = YES;
				INFOPLIST_KEY_NSHumanReadableCopyright = "";
				LD_RUNPATH_SEARCH_PATHS = (
					"$(inherited)",
					"@executable_path/../Frameworks",
				);
				MARKETING_VERSION = 1.0;
				PRODUCT_BUNDLE_IDENTIFIER = com.laurentiuriedl.SnapShareUp;
				PRODUCT_NAME = "$(TARGET_NAME)";
				SWIFT_EMIT_LOC_STRINGS = YES;
				SWIFT_VERSION = 5.0;
			};
			name = Release;
		};
		1FCDF5B72D73CC6E00A57C03 /* Debug */ = {
			isa = XCBuildConfiguration;
			buildSettings = {
				BUNDLE_LOADER = "$(TEST_HOST)";
				CODE_SIGN_STYLE = Automatic;
				CURRENT_PROJECT_VERSION = 1;
				DEVELOPMENT_TEAM = J96HJ8CW39;
				GENERATE_INFOPLIST_FILE = YES;
				MACOSX_DEPLOYMENT_TARGET = 15.2;
				MARKETING_VERSION = 1.0;
				PRODUCT_BUNDLE_IDENTIFIER = com.laurentiuriedl.SnapShareUpTests;
				PRODUCT_NAME = "$(TARGET_NAME)";
				SWIFT_EMIT_LOC_STRINGS = NO;
				SWIFT_VERSION = 5.0;
				TEST_HOST = "$(BUILT_PRODUCTS_DIR)/SnapShareUp.app/$(BUNDLE_EXECUTABLE_FOLDER_PATH)/SnapShareUp";
			};
			name = Debug;
		};
		1FCDF5B82D73CC6E00A57C03 /* Release */ = {
			isa = XCBuildConfiguration;
			buildSettings = {
				BUNDLE_LOADER = "$(TEST_HOST)";
				CODE_SIGN_STYLE = Automatic;
				CURRENT_PROJECT_VERSION = 1;
				DEVELOPMENT_TEAM = J96HJ8CW39;
				GENERATE_INFOPLIST_FILE = YES;
				MACOSX_DEPLOYMENT_TARGET = 15.2;
				MARKETING_VERSION = 1.0;
				PRODUCT_BUNDLE_IDENTIFIER = com.laurentiuriedl.SnapShareUpTests;
				PRODUCT_NAME = "$(TARGET_NAME)";
				SWIFT_EMIT_LOC_STRINGS = NO;
				SWIFT_VERSION = 5.0;
				TEST_HOST = "$(BUILT_PRODUCTS_DIR)/SnapShareUp.app/$(BUNDLE_EXECUTABLE_FOLDER_PATH)/SnapShareUp";
			};
			name = Release;
		};
		1FCDF5BA2D73CC6E00A57C03 /* Debug */ = {
			isa = XCBuildConfiguration;
			buildSettings = {
				CODE_SIGN_STYLE = Automatic;
				CURRENT_PROJECT_VERSION = 1;
				DEVELOPMENT_TEAM = J96HJ8CW39;
				GENERATE_INFOPLIST_FILE = YES;
				MARKETING_VERSION = 1.0;
				PRODUCT_BUNDLE_IDENTIFIER = com.laurentiuriedl.SnapShareUpUITests;
				PRODUCT_NAME = "$(TARGET_NAME)";
				SWIFT_EMIT_LOC_STRINGS = NO;
				SWIFT_VERSION = 5.0;
				TEST_TARGET_NAME = SnapShareUp;
			};
			name = Debug;
		};
		1FCDF5BB2D73CC6E00A57C03 /* Release */ = {
			isa = XCBuildConfiguration;
			buildSettings = {
				CODE_SIGN_STYLE = Automatic;
				CURRENT_PROJECT_VERSION = 1;
				DEVELOPMENT_TEAM = J96HJ8CW39;
				GENERATE_INFOPLIST_FILE = YES;
				MARKETING_VERSION = 1.0;
				PRODUCT_BUNDLE_IDENTIFIER = com.laurentiuriedl.SnapShareUpUITests;
				PRODUCT_NAME = "$(TARGET_NAME)";
				SWIFT_EMIT_LOC_STRINGS = NO;
				SWIFT_VERSION = 5.0;
				TEST_TARGET_NAME = SnapShareUp;
			};
			name = Release;
		};
/* End XCBuildConfiguration section */

/* Begin XCConfigurationList section */
		1FCDF5892D73CC6C00A57C03 /* Build configuration list for PBXProject "SnapShareUp" */ = {
			isa = XCConfigurationList;
			buildConfigurations = (
				1FCDF5B12D73CC6E00A57C03 /* Debug */,
				1FCDF5B22D73CC6E00A57C03 /* Release */,
			);
			defaultConfigurationIsVisible = 0;
			defaultConfigurationName = Release;
		};
		1FCDF5B32D73CC6E00A57C03 /* Build configuration list for PBXNativeTarget "SnapShareUp" */ = {
			isa = XCConfigurationList;
			buildConfigurations = (
				1FCDF5B42D73CC6E00A57C03 /* Debug */,
				1FCDF5B52D73CC6E00A57C03 /* Release */,
			);
			defaultConfigurationIsVisible = 0;
			defaultConfigurationName = Release;
		};
		1FCDF5B62D73CC6E00A57C03 /* Build configuration list for PBXNativeTarget "SnapShareUpTests" */ = {
			isa = XCConfigurationList;
			buildConfigurations = (
				1FCDF5B72D73CC6E00A57C03 /* Debug */,
				1FCDF5B82D73CC6E00A57C03 /* Release */,
			);
			defaultConfigurationIsVisible = 0;
			defaultConfigurationName = Release;
		};
		1FCDF5B92D73CC6E00A57C03 /* Build configuration list for PBXNativeTarget "SnapShareUpUITests" */ = {
			isa = XCConfigurationList;
			buildConfigurations = (
				1FCDF5BA2D73CC6E00A57C03 /* Debug */,
				1FCDF5BB2D73CC6E00A57C03 /* Release */,
			);
			defaultConfigurationIsVisible = 0;
			defaultConfigurationName = Release;
		};
/* End XCConfigurationList section */

/* Begin XCRemoteSwiftPackageReference section */
		1FCDF5F62D73CD8700A57C03 /* XCRemoteSwiftPackageReference "LaunchAtLogin" */ = {
			isa = XCRemoteSwiftPackageReference;
			repositoryURL = "https://github.com/sindresorhus/LaunchAtLogin";
			requirement = {
				branch = main;
				kind = branch;
			};
		};
/* End XCRemoteSwiftPackageReference section */

/* Begin XCSwiftPackageProductDependency section */
		1FCDF5F72D73CD8700A57C03 /* LaunchAtLogin */ = {
			isa = XCSwiftPackageProductDependency;
			package = 1FCDF5F62D73CD8700A57C03 /* XCRemoteSwiftPackageReference "LaunchAtLogin" */;
			productName = LaunchAtLogin;
		};
/* End XCSwiftPackageProductDependency section */
	};
	rootObject = 1FCDF5862D73CC6C00A57C03 /* Project object */;
}
